
Microsoft Visual Studio Solution File, Format Version 12.00
# Visual Studio Version 17
VisualStudioVersion = 17.5.002.0
MinimumVisualStudioVersion = 10.0.40219.1
Project("{9A19103F-16F7-4668-BE54-9A1E7A4F7556}") = "System for a Parking Lot with C#", "System for a Parking Lot with C#.csproj", "{0834380B-2EBC-416B-8BED-5865878CD848}"
EndProject
Global
	GlobalSection(SolutionConfigurationPlatforms) = preSolution
		Debug|Any CPU = Debug|Any CPU
		Release|Any CPU = Release|Any CPU
	EndGlobalSection
	GlobalSection(ProjectConfigurationPlatforms) = postSolution
		{0834380B-2EBC-416B-8BED-5865878CD848}.Debug|Any CPU.ActiveCfg = Debug|Any CPU
		{0834380B-2EBC-416B-8BED-5865878CD848}.Debug|Any CPU.Build.0 = Debug|Any CPU
		{0834380B-2EBC-416B-8BED-5865878CD848}.Release|Any CPU.ActiveCfg = Release|Any CPU
		{0834380B-2EBC-416B-8BED-5865878CD848}.Release|Any CPU.Build.0 = Release|Any CPU
	EndGlobalSection
	GlobalSection(SolutionProperties) = preSolution
		HideSolutionNode = FALSE
	EndGlobalSection
	GlobalSection(ExtensibilityGlobals) = postSolution
		SolutionGuid = {0724C17F-25AE-4E73-AEE2-0C2540346005}
	EndGlobalSection
EndGlobal
